{
  "version": 4,
  "terraform_version": "1.15.5",
  "serial": 2,
  "lineage": "b0648087-5080-6190-b3cf-6e903bdb1c79",
  "outputs": {
    "vm_ip": {
      "value": "10.169.10.183",
      "type": "string"
    }
  },
  "resources": [
    {
      "mode": "managed",
      "type": "multipass_instance",
      "name": "vm",
      "provider": "provider[\"registry.terraform.io/larstobi/multipass\"]",
      "instances": [
        {
          "schema_version": 0,
          "attributes": {
            "cloudinit_file": "./cloud-init.yaml",
            "cpus": 2,
            "disk": "40G",
            "image": "24.04",
            "ipv4": "10.169.10.183",
            "memory": "4G",
            "name": "vm-nginx"
          },
          "sensitive_attributes": [],
          "identity_schema_version": 0
        }
      ]
    }
  ],
  "check_results": null
}
